github.com/omercnet/go-untagged v0.0.3-0.20221125140048-654761f34f7c h1:Bxb/OZVTcRkalBxP713P/ZKAkCGzSTXNeWGC63ujf84=
github.com/omercnet/go-untagged v0.0.3-0.20221125140048-654761f34f7c/go.mod h1:G53Zo7bqql4a3NSZLjVbBklruB6E70UfxojXGofFssQ=
github.com/omercnet/renovate-pr-19126 v0.0.0-20221228112612-7de2c382e8e1 h1:Ma7F/LVbjP7fmWPgFTABmK+Xyanjz9Sn5nhSAlhwh2g=
github.com/omercnet/renovate-pr-19126 v0.0.0-20221228112612-7de2c382e8e1/go.mod h1:8rxxyCKrp7iPQJ4oy0Ziook+/2oc1u/+aSzjc2zKs1A=
golang.org/x/text v0.0.0-20170915032832-14c0d48ead0c/go.mod h1:NqM8EUOU14njkJ3fqMW+pc6Ldnwhi/IjpwHt7yyuwOQ=
golang.org/x/text v0.5.0 h1:OLmvp0KP+FVG99Ct/qFiL/Fhk4zp4QQnZ7b2U+5piUM=
golang.org/x/text v0.5.0/go.mod h1:mrYo+phRRbMaCq/xk9113O4dZlRixOauAjOtrjsXDZ8=
rsc.io/quote/v3 v3.1.0 h1:9JKUTTIUgS6kzR9mK1YuGKv6Nl+DijDNIc0ghT58FaY=
rsc.io/quote/v3 v3.1.0/go.mod h1:yEA65RcK8LyAZtP9Kv3t0HmxON59tX3rD+tICJqUlj0=
rsc.io/sampler v1.3.0/go.mod h1:T1hPZKmBbMNahiBKFy5HrXp6adAjACjK9JXDnKaTXpA=
rsc.io/sampler v1.99.99 h1:7i08f/p5TBU5joCPW3GjWG1ZFCmr28ybGqlXtelhEK8=
rsc.io/sampler v1.99.99/go.mod h1:T1hPZKmBbMNahiBKFy5HrXp6adAjACjK9JXDnKaTXpA=
